Microsoft Visual Studio Solution File, Format Version 12.00
# Visual Studio Version 17
VisualStudioVersion = 17.5.2.0
MinimumVisualStudioVersion = 10.0.40219.1
Project("{FAE04EC0-301F-11D3-BF4B-00C04F79EFBC}") = "accounting", "accounting.csproj", "{A7355BEC-2365-144C-78D2-69186D536582}"
EndProject
Global
	GlobalSection(SolutionConfigurationPlatforms) = preSolution
		Debug|Any CPU = Debug|Any CPU
		Release|Any CPU = Release|Any CPU
	EndGlobalSection
	GlobalSection(ProjectConfigurationPlatforms) = postSolution
		{A7355BEC-2365-144C-78D2-69186D536582}.Debug|Any CPU.ActiveCfg = Debug|Any CPU
		{A7355BEC-2365-144C-78D2-69186D536582}.Debug|Any CPU.Build.0 = Debug|Any CPU
		{A7355BEC-2365-144C-78D2-69186D536582}.Release|Any CPU.ActiveCfg = Release|Any CPU
		{A7355BEC-2365-144C-78D2-69186D536582}.Release|Any CPU.Build.0 = Release|Any CPU
	EndGlobalSection
	GlobalSection(SolutionProperties) = preSolution
		HideSolutionNode = FALSE
	EndGlobalSection
	GlobalSection(ExtensibilityGlobals) = postSolution
		SolutionGuid = {B2940082-4156-4843-B08D-3CE55286D60A}
	EndGlobalSection
EndGlobal
